
Microsoft Visual Studio Solution File, Format Version 12.00
# Visual Studio 15
VisualStudioVersion = 15.0.26124.0
MinimumVisualStudioVersion = 15.0.26124.0
Project("{FAE04EC0-301F-11D3-BF4B-00C04F79EFBC}") = "TDDPractice", "TDDPractice\TDDPractice.csproj", "{B3F65429-B036-4ECA-BD84-6B4808AB399C}"
EndProject
Project("{FAE04EC0-301F-11D3-BF4B-00C04F79EFBC}") = "TDDPracticeTests", "TDDPracticeTests\TDDPracticeTests.csproj", "{8A538A38-35EA-4570-B768-AE3F434807EA}"
EndProject
Global
	GlobalSection(SolutionConfigurationPlatforms) = preSolution
		Debug|Any CPU = Debug|Any CPU
		Debug|x64 = Debug|x64
		Debug|x86 = Debug|x86
		Release|Any CPU = Release|Any CPU
		Release|x64 = Release|x64
		Release|x86 = Release|x86
	EndGlobalSection
	GlobalSection(SolutionProperties) = preSolution
		HideSolutionNode = FALSE
	EndGlobalSection
	GlobalSection(ProjectConfigurationPlatforms) = postSolution
		{B3F65429-B036-4ECA-BD84-6B4808AB399C}.Debug|Any CPU.ActiveCfg = Debug|Any CPU
		{B3F65429-B036-4ECA-BD84-6B4808AB399C}.Debug|Any CPU.Build.0 = Debug|Any CPU
		{B3F65429-B036-4ECA-BD84-6B4808AB399C}.Debug|x64.ActiveCfg = Debug|Any CPU
		{B3F65429-B036-4ECA-BD84-6B4808AB399C}.Debug|x64.Build.0 = Debug|Any CPU
		{B3F65429-B036-4ECA-BD84-6B4808AB399C}.Debug|x86.ActiveCfg = Debug|Any CPU
		{B3F65429-B036-4ECA-BD84-6B4808AB399C}.Debug|x86.Build.0 = Debug|Any CPU
		{B3F65429-B036-4ECA-BD84-6B4808AB399C}.Release|Any CPU.ActiveCfg = Release|Any CPU
		{B3F65429-B036-4ECA-BD84-6B4808AB399C}.Release|Any CPU.Build.0 = Release|Any CPU
		{B3F65429-B036-4ECA-BD84-6B4808AB399C}.Release|x64.ActiveCfg = Release|Any CPU
		{B3F65429-B036-4ECA-BD84-6B4808AB399C}.Release|x64.Build.0 = Release|Any CPU
		{B3F65429-B036-4ECA-BD84-6B4808AB399C}.Release|x86.ActiveCfg = Release|Any CPU
		{B3F65429-B036-4ECA-BD84-6B4808AB399C}.Release|x86.Build.0 = Release|Any CPU
		{8A538A38-35EA-4570-B768-AE3F434807EA}.Debug|Any CPU.ActiveCfg = Debug|Any CPU
		{8A538A38-35EA-4570-B768-AE3F434807EA}.Debug|Any CPU.Build.0 = Debug|Any CPU
		{8A538A38-35EA-4570-B768-AE3F434807EA}.Debug|x64.ActiveCfg = Debug|Any CPU
		{8A538A38-35EA-4570-B768-AE3F434807EA}.Debug|x64.Build.0 = Debug|Any CPU
		{8A538A38-35EA-4570-B768-AE3F434807EA}.Debug|x86.ActiveCfg = Debug|Any CPU
		{8A538A38-35EA-4570-B768-AE3F434807EA}.Debug|x86.Build.0 = Debug|Any CPU
		{8A538A38-35EA-4570-B768-AE3F434807EA}.Release|Any CPU.ActiveCfg = Release|Any CPU
		{8A538A38-35EA-4570-B768-AE3F434807EA}.Release|Any CPU.Build.0 = Release|Any CPU
		{8A538A38-35EA-4570-B768-AE3F434807EA}.Release|x64.ActiveCfg = Release|Any CPU
		{8A538A38-35EA-4570-B768-AE3F434807EA}.Release|x64.Build.0 = Release|Any CPU
		{8A538A38-35EA-4570-B768-AE3F434807EA}.Release|x86.ActiveCfg = Release|Any CPU
		{8A538A38-35EA-4570-B768-AE3F434807EA}.Release|x86.Build.0 = Release|Any CPU
	EndGlobalSection
EndGlobal
